// !$*UTF8*$!
{
	archiveVersion = 1;
	classes = {
	};
	objectVersion = 46;
	objects = {

/* Begin PBXBuildFile section */
		CC1D84901C33E0CD00EA877E /* StatusTableViewCell.m in Sources */ = {isa = PBXBuildFile; fileRef = CC1D848F1C33E0CD00EA877E /* StatusTableViewCell.m */; };
		CC1D84B41C33FF5600EA877E /* MKAnnotationView+WebCache.m in Sources */ = {isa = PBXBuildFile; fileRef = CC1D84941C33FF5600EA877E /* MKAnnotationView+WebCache.m */; };
		CC1D84B51C33FF5600EA877E /* NSData+ImageContentType.m in Sources */ = {isa = PBXBuildFile; fileRef = CC1D84961C33FF5600EA877E /* NSData+ImageContentType.m */; };
		CC1D84B61C33FF5600EA877E /* SDImageCache.m in Sources */ = {isa = PBXBuildFile; fileRef = CC1D84981C33FF5600EA877E /* SDImageCache.m */; };
		CC1D84B71C33FF5600EA877E /* SDWebImageCompat.m in Sources */ = {isa = PBXBuildFile; fileRef = CC1D849A1C33FF5600EA877E /* SDWebImageCompat.m */; };
		CC1D84B81C33FF5600EA877E /* SDWebImageDecoder.m in Sources */ = {isa = PBXBuildFile; fileRef = CC1D849C1C33FF5600EA877E /* SDWebImageDecoder.m */; };
		CC1D84B91C33FF5600EA877E /* SDWebImageDownloader.m in Sources */ = {isa = PBXBuildFile; fileRef = CC1D849E1C33FF5600EA877E /* SDWebImageDownloader.m */; };
		CC1D84BA1C33FF5600EA877E /* SDWebImageDownloaderOperation.m in Sources */ = {isa = PBXBuildFile; fileRef = CC1D84A01C33FF5600EA877E /* SDWebImageDownloaderOperation.m */; };
		CC1D84BB1C33FF5600EA877E /* SDWebImageManager.m in Sources */ = {isa = PBXBuildFile; fileRef = CC1D84A21C33FF5600EA877E /* SDWebImageManager.m */; };
		CC1D84BC1C33FF5600EA877E /* SDWebImagePrefetcher.m in Sources */ = {isa = PBXBuildFile; fileRef = CC1D84A51C33FF5600EA877E /* SDWebImagePrefetcher.m */; };
		CC1D84BD1C33FF5600EA877E /* UIButton+WebCache.m in Sources */ = {isa = PBXBuildFile; fileRef = CC1D84A71C33FF5600EA877E /* UIButton+WebCache.m */; };
		CC1D84BE1C33FF5600EA877E /* UIImage+GIF.m in Sources */ = {isa = PBXBuildFile; fileRef = CC1D84A91C33FF5600EA877E /* UIImage+GIF.m */; };
		CC1D84BF1C33FF5600EA877E /* UIImage+MultiFormat.m in Sources */ = {isa = PBXBuildFile; fileRef = CC1D84AB1C33FF5600EA877E /* UIImage+MultiFormat.m */; };
		CC1D84C01C33FF5600EA877E /* UIImage+WebP.m in Sources */ = {isa = PBXBuildFile; fileRef = CC1D84AD1C33FF5600EA877E /* UIImage+WebP.m */; };
		CC1D84C11C33FF5600EA877E /* UIImageView+HighlightedWebCache.m in Sources */ = {isa = PBXBuildFile; fileRef = CC1D84AF1C33FF5600EA877E /* UIImageView+HighlightedWebCache.m */; };
		CC1D84C21C33FF5600EA877E /* UIImageView+WebCache.m in Sources */ = {isa = PBXBuildFile; fileRef = CC1D84B11C33FF5600EA877E /* UIImageView+WebCache.m */; };
		CC1D84C31C33FF5600EA877E /* UIView+WebCacheOperation.m in Sources */ = {isa = PBXBuildFile; fileRef = CC1D84B31C33FF5600EA877E /* UIView+WebCacheOperation.m */; };
		CC7497621C3E25D7004C6DDA /* UINavigationController+notification.m in Sources */ = {isa = PBXBuildFile; fileRef = CC7497611C3E25D7004C6DDA /* UINavigationController+notification.m */; };
		CC76FD331C3D0864004B8846 /* SDBrowserImageView.m in Sources */ = {isa = PBXBuildFile; fileRef = CC76FD2D1C3D0864004B8846 /* SDBrowserImageView.m */; };
		CC76FD341C3D0864004B8846 /* SDPhotoBrowser.m in Sources */ = {isa = PBXBuildFile; fileRef = CC76FD2F1C3D0864004B8846 /* SDPhotoBrowser.m */; };
		CC76FD351C3D0864004B8846 /* SDWaitingView.m in Sources */ = {isa = PBXBuildFile; fileRef = CC76FD321C3D0864004B8846 /* SDWaitingView.m */; };
		CC79CE411C3126B300FEB53B /* MainViewController.m in Sources */ = {isa = PBXBuildFile; fileRef = CC79CE401C3126B300FEB53B /* MainViewController.m */; };
		CC79CE471C312F5E00FEB53B /* LoginViewController.m in Sources */ = {isa = PBXBuildFile; fileRef = CC79CE461C312F5E00FEB53B /* LoginViewController.m */; };
		CC79CE5C1C31746800FEB53B /* AFHTTPRequestOperation.m in Sources */ = {isa = PBXBuildFile; fileRef = CC79CE4A1C31746800FEB53B /* AFHTTPRequestOperation.m */; };
		CC79CE5D1C31746800FEB53B /* AFHTTPRequestOperationManager.m in Sources */ = {isa = PBXBuildFile; fileRef = CC79CE4C1C31746800FEB53B /* AFHTTPRequestOperationManager.m */; };
		CC79CE5E1C31746800FEB53B /* AFHTTPSessionManager.m in Sources */ = {isa = PBXBuildFile; fileRef = CC79CE4E1C31746800FEB53B /* AFHTTPSessionManager.m */; };
		CC79CE5F1C31746800FEB53B /* AFNetworkReachabilityManager.m in Sources */ = {isa = PBXBuildFile; fileRef = CC79CE511C31746800FEB53B /* AFNetworkReachabilityManager.m */; };
		CC79CE601C31746800FEB53B /* AFSecurityPolicy.m in Sources */ = {isa = PBXBuildFile; fileRef = CC79CE531C31746800FEB53B /* AFSecurityPolicy.m */; };
		CC79CE611C31746800FEB53B /* AFURLConnectionOperation.m in Sources */ = {isa = PBXBuildFile; fileRef = CC79CE551C31746800FEB53B /* AFURLConnectionOperation.m */; };
		CC79CE621C31746800FEB53B /* AFURLRequestSerialization.m in Sources */ = {isa = PBXBuildFile; fileRef = CC79CE571C31746800FEB53B /* AFURLRequestSerialization.m */; };
		CC79CE631C31746800FEB53B /* AFURLResponseSerialization.m in Sources */ = {isa = PBXBuildFile; fileRef = CC79CE591C31746800FEB53B /* AFURLResponseSerialization.m */; };
		CC79CE641C31746800FEB53B /* AFURLSessionManager.m in Sources */ = {isa = PBXBuildFile; fileRef = CC79CE5B1C31746800FEB53B /* AFURLSessionManager.m */; };
		CC7EB8141C33811C00AAF26D /* HomeVC.m in Sources */ = {isa = PBXBuildFile; fileRef = CC7EB8131C33811C00AAF26D /* HomeVC.m */; };
		CC86B7E51C3A5A4D004063AC /* NSString+StringSize.m in Sources */ = {isa = PBXBuildFile; fileRef = CC86B7E41C3A5A4D004063AC /* NSString+StringSize.m */; };
		CC86B7E81C3A7990004063AC /* Status.m in Sources */ = {isa = PBXBuildFile; fileRef = CC86B7E71C3A7990004063AC /* Status.m */; };
		CC86B7EB1C3A79A1004063AC /* User.m in Sources */ = {isa = PBXBuildFile; fileRef = CC86B7EA1C3A79A1004063AC /* User.m */; };
		CC9ED8861C2E7E7500225379 /* main.m in Sources */ = {isa = PBXBuildFile; fileRef = CC9ED8851C2E7E7500225379 /* main.m */; };
		CC9ED8891C2E7E7500225379 /* AppDelegate.m in Sources */ = {isa = PBXBuildFile; fileRef = CC9ED8881C2E7E7500225379 /* AppDelegate.m */; };
		CC9ED88F1C2E7E7500225379 /* Main.storyboard in Resources */ = {isa = PBXBuildFile; fileRef = CC9ED88D1C2E7E7500225379 /* Main.storyboard */; };
		CC9ED8911C2E7E7500225379 /* Assets.xcassets in Resources */ = {isa = PBXBuildFile; fileRef = CC9ED8901C2E7E7500225379 /* Assets.xcassets */; };
		CC9ED8941C2E7E7500225379 /* LaunchScreen.storyboard in Resources */ = {isa = PBXBuildFile; fileRef = CC9ED8921C2E7E7500225379 /* LaunchScreen.storyboard */; };
		CC9ED89F1C2E7E7500225379 /* __MQTests.m in Sources */ = {isa = PBXBuildFile; fileRef = CC9ED89E1C2E7E7500225379 /* __MQTests.m */; };
		CC9ED8AA1C2E7E7500225379 /* __MQUITests.m in Sources */ = {isa = PBXBuildFile; fileRef = CC9ED8A91C2E7E7500225379 /* __MQUITests.m */; };
		CCC2157D1C3E6A68009FE983 /* statusFooterView.m in Sources */ = {isa = PBXBuildFile; fileRef = CCC2157B1C3E6A68009FE983 /* statusFooterView.m */; };
		CCC2157E1C3E6A68009FE983 /* statusFooterView.xib in Resources */ = {isa = PBXBuildFile; fileRef = CCC2157C1C3E6A68009FE983 /* statusFooterView.xib */; };
		CCC215811C3E96F4009FE983 /* StatusDetailViewController.m in Sources */ = {isa = PBXBuildFile; fileRef = CCC215801C3E96F4009FE983 /* StatusDetailViewController.m */; };
		CCCADAA21C3B72DB00C26D62 /* status.db in Resources */ = {isa = PBXBuildFile; fileRef = CCCADAA11C3B72DB00C26D62 /* status.db */; };
		CCCADAA51C3B734400C26D62 /* dataBase.m in Sources */ = {isa = PBXBuildFile; fileRef = CCCADAA41C3B734400C26D62 /* dataBase.m */; };
		CCCADAB21C3B9A6C00C26D62 /* FMDatabase.m in Sources */ = {isa = PBXBuildFile; fileRef = CCCADAA81C3B9A6C00C26D62 /* FMDatabase.m */; };
		CCCADAB31C3B9A6C00C26D62 /* FMDatabaseAdditions.m in Sources */ = {isa = PBXBuildFile; fileRef = CCCADAAA1C3B9A6C00C26D62 /* FMDatabaseAdditions.m */; };
		CCCADAB41C3B9A6C00C26D62 /* FMDatabasePool.m in Sources */ = {isa = PBXBuildFile; fileRef = CCCADAAC1C3B9A6C00C26D62 /* FMDatabasePool.m */; };
		CCCADAB51C3B9A6C00C26D62 /* FMDatabaseQueue.m in Sources */ = {isa = PBXBuildFile; fileRef = CCCADAAE1C3B9A6C00C26D62 /* FMDatabaseQueue.m */; };
		CCCADAB61C3B9A6C00C26D62 /* FMResultSet.m in Sources */ = {isa = PBXBuildFile; fileRef = CCCADAB11C3B9A6C00C26D62 /* FMResultSet.m */; };
		CCCADAB81C3BA2F600C26D62 /* libsqlite3.tbd in Frameworks */ = {isa = PBXBuildFile; fileRef = CCCADAB71C3BA2F600C26D62 /* libsqlite3.tbd */; };
		CCCB7E421C30107D00C634A2 /* GuideViewController.m in Sources */ = {isa = PBXBuildFile; fileRef = CCCB7E411C30107D00C634A2 /* GuideViewController.m */; };
		CCE01B5D1C3225C7007CF40B /* Account.m in Sources */ = {isa = PBXBuildFile; fileRef = CCE01B5C1C3225C7007CF40B /* Account.m */; };
		CCE01B601C3232F2007CF40B /* NSString+filePath.m in Sources */ = {isa = PBXBuildFile; fileRef = CCE01B5F1C3232F2007CF40B /* NSString+filePath.m */; };
		CCE01B631C323AAC007CF40B /* FindViewController.m in Sources */ = {isa = PBXBuildFile; fileRef = CCE01B621C323AAC007CF40B /* FindViewController.m */; };
		CCE01B671C326FDD007CF40B /* SettingViewController.m in Sources */ = {isa = PBXBuildFile; fileRef = CCE01B661C326FDD007CF40B /* SettingViewController.m */; };
		CCE01B6A1C328BF9007CF40B /* UITableView+index.m in Sources */ = {isa = PBXBuildFile; fileRef = CCE01B691C328BF9007CF40B /* UITableView+index.m */; };
/* End PBXBuildFile section */

/* Begin PBXContainerItemProxy section */
		CC9ED89B1C2E7E7500225379 /* PBXContainerItemProxy */ = {
			isa = PBXContainerItemProxy;
			containerPortal = CC9ED8791C2E7E7500225379 /* Project object */;
			proxyType = 1;
			remoteGlobalIDString = CC9ED8801C2E7E7500225379;
			remoteInfo = "微博MQ";
		};
		CC9ED8A61C2E7E7500225379 /* PBXContainerItemProxy */ = {
			isa = PBXContainerItemProxy;
			containerPortal = CC9ED8791C2E7E7500225379 /* Project object */;
			proxyType = 1;
			remoteGlobalIDString = CC9ED8801C2E7E7500225379;
			remoteInfo = "微博MQ";
		};
/* End PBXContainerItemProxy section */

/* Begin PBXFileReference section */
		CC1D848E1C33E0CD00EA877E /* StatusTableViewCell.h */ = {isa = PBXFileReference; fileEncoding = 4; lastKnownFileType = sourcecode.c.h; path = StatusTableViewCell.h; sourceTree = "<group>"; };
		CC1D848F1C33E0CD00EA877E /* StatusTableViewCell.m */ = {isa = PBXFileReference; fileEncoding = 4; lastKnownFileType = sourcecode.c.objc; path = StatusTableViewCell.m; sourceTree = "<group>"; };
		CC1D84931C33FF5600EA877E /* MKAnnotationView+WebCache.h */ = {isa = PBXFileReference; fileEncoding = 4; lastKnownFileType = sourcecode.c.h; path = "MKAnnotationView+WebCache.h"; sourceTree = "<group>"; };
		CC1D84941C33FF5600EA877E /* MKAnnotationView+WebCache.m */ = {isa = PBXFileReference; fileEncoding = 4; lastKnownFileType = sourcecode.c.objc; path = "MKAnnotationView+WebCache.m"; sourceTree = "<group>"; };
		CC1D84951C33FF5600EA877E /* NSData+ImageContentType.h */ = {isa = PBXFileReference; fileEncoding = 4; lastKnownFileType = sourcecode.c.h; path = "NSData+ImageContentType.h"; sourceTree = "<group>"; };
		CC1D84961C33FF5600EA877E /* NSData+ImageContentType.m */ = {isa = PBXFileReference; fileEncoding = 4; lastKnownFileType = sourcecode.c.objc; path = "NSData+ImageContentType.m"; sourceTree = "<group>"; };
		CC1D84971C33FF5600EA877E /* SDImageCache.h */ = {isa = PBXFileReference; fileEncoding = 4; lastKnownFileType = sourcecode.c.h; path = SDImageCache.h; sourceTree = "<group>"; };
		CC1D84981C33FF5600EA877E /* SDImageCache.m */ = {isa = PBXFileReference; fileEncoding = 4; lastKnownFileType = sourcecode.c.objc; path = SDImageCache.m; sourceTree = "<group>"; };
		CC1D84991C33FF5600EA877E /* SDWebImageCompat.h */ = {isa = PBXFileReference; fileEncoding = 4; lastKnownFileType = sourcecode.c.h; path = SDWebImageCompat.h; sourceTree = "<group>"; };
		CC1D849A1C33FF5600EA877E /* SDWebImageCompat.m */ = {isa = PBXFileReference; fileEncoding = 4; lastKnownFileType = sourcecode.c.objc; path = SDWebImageCompat.m; sourceTree = "<group>"; };
		CC1D849B1C33FF5600EA877E /* SDWebImageDecoder.h */ = {isa = PBXFileReference; fileEncoding = 4; lastKnownFileType = sourcecode.c.h; path = SDWebImageDecoder.h; sourceTree = "<group>"; };
		CC1D849C1C33FF5600EA877E /* SDWebImageDecoder.m */ = {isa = PBXFileReference; fileEncoding = 4; lastKnownFileType = sourcecode.c.objc; path = SDWebImageDecoder.m; sourceTree = "<group>"; };
		CC1D849D1C33FF5600EA877E /* SDWebImageDownloader.h */ = {isa = PBXFileReference; fileEncoding = 4; lastKnownFileType = sourcecode.c.h; path = SDWebImageDownloader.h; sourceTree = "<group>"; };
		CC1D849E1C33FF5600EA877E /* SDWebImageDownloader.m */ = {isa = PBXFileReference; fileEncoding = 4; lastKnownFileType = sourcecode.c.objc; path = SDWebImageDownloader.m; sourceTree = "<group>"; };
		CC1D849F1C33FF5600EA877E /* SDWebImageDownloaderOperation.h */ = {isa = PBXFileReference; fileEncoding = 4; lastKnownFileType = sourcecode.c.h; path = SDWebImageDownloaderOperation.h; sourceTree = "<group>"; };
		CC1D84A01C33FF5600EA877E /* SDWebImageDownloaderOperation.m */ = {isa = PBXFileReference; fileEncoding = 4; lastKnownFileType = sourcecode.c.objc; path = SDWebImageDownloaderOperation.m; sourceTree = "<group>"; };
		CC1D84A11C33FF5600EA877E /* SDWebImageManager.h */ = {isa = PBXFileReference; fileEncoding = 4; lastKnownFileType = sourcecode.c.h; path = SDWebImageManager.h; sourceTree = "<group>"; };
		CC1D84A21C33FF5600EA877E /* SDWebImageManager.m */ = {isa = PBXFileReference; fileEncoding = 4; lastKnownFileType = sourcecode.c.objc; path = SDWebImageManager.m; sourceTree = "<group>"; };
		CC1D84A31C33FF5600EA877E /* SDWebImageOperation.h */ = {isa = PBXFileReference; fileEncoding = 4; lastKnownFileType = sourcecode.c.h; path = SDWebImageOperation.h; sourceTree = "<group>"; };
		CC1D84A41C33FF5600EA877E /* SDWebImagePrefetcher.h */ = {isa = PBXFileReference; fileEncoding = 4; lastKnownFileType = sourcecode.c.h; path = SDWebImagePrefetcher.h; sourceTree = "<group>"; };
		CC1D84A51C33FF5600EA877E /* SDWebImagePrefetcher.m */ = {isa = PBXFileReference; fileEncoding = 4; lastKnownFileType = sourcecode.c.objc; path = SDWebImagePrefetcher.m; sourceTree = "<group>"; };
		CC1D84A61C33FF5600EA877E /* UIButton+WebCache.h */ = {isa = PBXFileReference; fileEncoding = 4; lastKnownFileType = sourcecode.c.h; path = "UIButton+WebCache.h"; sourceTree = "<group>"; };
		CC1D84A71C33FF5600EA877E /* UIButton+WebCache.m */ = {isa = PBXFileReference; fileEncoding = 4; lastKnownFileType = sourcecode.c.objc; path = "UIButton+WebCache.m"; sourceTree = "<group>"; };
		CC1D84A81C33FF5600EA877E /* UIImage+GIF.h */ = {isa = PBXFileReference; fileEncoding = 4; lastKnownFileType = sourcecode.c.h; path = "UIImage+GIF.h"; sourceTree = "<group>"; };
		CC1D84A91C33FF5600EA877E /* UIImage+GIF.m */ = {isa = PBXFileReference; fileEncoding = 4; lastKnownFileType = sourcecode.c.objc; path = "UIImage+GIF.m"; sourceTree = "<group>"; };
		CC1D84AA1C33FF5600EA877E /* UIImage+MultiFormat.h */ = {isa = PBXFileReference; fileEncoding = 4; lastKnownFileType = sourcecode.c.h; path = "UIImage+MultiFormat.h"; sourceTree = "<group>"; };
		CC1D84AB1C33FF5600EA877E /* UIImage+MultiFormat.m */ = {isa = PBXFileReference; fileEncoding = 4; lastKnownFileType = sourcecode.c.objc; path = "UIImage+MultiFormat.m"; sourceTree = "<group>"; };
		CC1D84AC1C33FF5600EA877E /* UIImage+WebP.h */ = {isa = PBXFileReference; fileEncoding = 4; lastKnownFileType = sourcecode.c.h; path = "UIImage+WebP.h"; sourceTree = "<group>"; };
		CC1D84AD1C33FF5600EA877E /* UIImage+WebP.m */ = {isa = PBXFileReference; fileEncoding = 4; lastKnownFileType = sourcecode.c.objc; path = "UIImage+WebP.m"; sourceTree = "<group>"; };
		CC1D84AE1C33FF5600EA877E /* UIImageView+HighlightedWebCache.h */ = {isa = PBXFileReference; fileEncoding = 4; lastKnownFileType = sourcecode.c.h; path = "UIImageView+HighlightedWebCache.h"; sourceTree = "<group>"; };
		CC1D84AF1C33FF5600EA877E /* UIImageView+HighlightedWebCache.m */ = {isa = PBXFileReference; fileEncoding = 4; lastKnownFileType = sourcecode.c.objc; path = "UIImageView+HighlightedWebCache.m"; sourceTree = "<group>"; };
		CC1D84B01C33FF5600EA877E /* UIImageView+WebCache.h */ = {isa = PBXFileReference; fileEncoding = 4; lastKnownFileType = sourcecode.c.h; path = "UIImageView+WebCache.h"; sourceTree = "<group>"; };
		CC1D84B11C33FF5600EA877E /* UIImageView+WebCache.m */ = {isa = PBXFileReference; fileEncoding = 4; lastKnownFileType = sourcecode.c.objc; path = "UIImageView+WebCache.m"; sourceTree = "<group>"; };
		CC1D84B21C33FF5600EA877E /* UIView+WebCacheOperation.h */ = {isa = PBXFileReference; fileEncoding = 4; lastKnownFileType = sourcecode.c.h; path = "UIView+WebCacheOperation.h"; sourceTree = "<group>"; };
		CC1D84B31C33FF5600EA877E /* UIView+WebCacheOperation.m */ = {isa = PBXFileReference; fileEncoding = 4; lastKnownFileType = sourcecode.c.objc; path = "UIView+WebCacheOperation.m"; sourceTree = "<group>"; };
		CC7497601C3E25D7004C6DDA /* UINavigationController+notification.h */ = {isa = PBXFileReference; fileEncoding = 4; lastKnownFileType = sourcecode.c.h; path = "UINavigationController+notification.h"; sourceTree = "<group>"; };
		CC7497611C3E25D7004C6DDA /* UINavigationController+notification.m */ = {isa = PBXFileReference; fileEncoding = 4; lastKnownFileType = sourcecode.c.objc; path = "UINavigationController+notification.m"; sourceTree = "<group>"; };
		CC76FD2C1C3D0864004B8846 /* SDBrowserImageView.h */ = {isa = PBXFileReference; fileEncoding = 4; lastKnownFileType = sourcecode.c.h; path = SDBrowserImageView.h; sourceTree = "<group>"; };
		CC76FD2D1C3D0864004B8846 /* SDBrowserImageView.m */ = {isa = PBXFileReference; fileEncoding = 4; lastKnownFileType = sourcecode.c.objc; path = SDBrowserImageView.m; sourceTree = "<group>"; };
		CC76FD2E1C3D0864004B8846 /* SDPhotoBrowser.h */ = {isa = PBXFileReference; fileEncoding = 4; lastKnownFileType = sourcecode.c.h; path = SDPhotoBrowser.h; sourceTree = "<group>"; };
		CC76FD2F1C3D0864004B8846 /* SDPhotoBrowser.m */ = {isa = PBXFileReference; fileEncoding = 4; lastKnownFileType = sourcecode.c.objc; path = SDPhotoBrowser.m; sourceTree = "<group>"; };
		CC76FD301C3D0864004B8846 /* SDPhotoBrowserConfig.h */ = {isa = PBXFileReference; fileEncoding = 4; lastKnownFileType = sourcecode.c.h; path = SDPhotoBrowserConfig.h; sourceTree = "<group>"; };
		CC76FD311C3D0864004B8846 /* SDWaitingView.h */ = {isa = PBXFileReference; fileEncoding = 4; lastKnownFileType = sourcecode.c.h; path = SDWaitingView.h; sourceTree = "<group>"; };
		CC76FD321C3D0864004B8846 /* SDWaitingView.m */ = {isa = PBXFileReference; fileEncoding = 4; lastKnownFileType = sourcecode.c.objc; path = SDWaitingView.m; sourceTree = "<group>"; };
		CC79CE3F1C3126B300FEB53B /* MainViewController.h */ = {isa = PBXFileReference; fileEncoding = 4; lastKnownFileType = sourcecode.c.h; path = MainViewController.h; sourceTree = "<group>"; };
		CC79CE401C3126B300FEB53B /* MainViewController.m */ = {isa = PBXFileReference; fileEncoding = 4; lastKnownFileType = sourcecode.c.objc; path = MainViewController.m; sourceTree = "<group>"; };
		CC79CE451C312F5E00FEB53B /* LoginViewController.h */ = {isa = PBXFileReference; fileEncoding = 4; lastKnownFileType = sourcecode.c.h; path = LoginViewController.h; sourceTree = "<group>"; };
		CC79CE461C312F5E00FEB53B /* LoginViewController.m */ = {isa = PBXFileReference; fileEncoding = 4; lastKnownFileType = sourcecode.c.objc; path = LoginViewController.m; sourceTree = "<group>"; };
		CC79CE491C31746800FEB53B /* AFHTTPRequestOperation.h */ = {isa = PBXFileReference; fileEncoding = 4; lastKnownFileType = sourcecode.c.h; path = AFHTTPRequestOperation.h; sourceTree = "<group>"; };
		CC79CE4A1C31746800FEB53B /* AFHTTPRequestOperation.m */ = {isa = PBXFileReference; fileEncoding = 4; lastKnownFileType = sourcecode.c.objc; path = AFHTTPRequestOperation.m; sourceTree = "<group>"; };
		CC79CE4B1C31746800FEB53B /* AFHTTPRequestOperationManager.h */ = {isa = PBXFileReference; fileEncoding = 4; lastKnownFileType = sourcecode.c.h; path = AFHTTPRequestOperationManager.h; sourceTree = "<group>"; };
		CC79CE4C1C31746800FEB53B /* AFHTTPRequestOperationManager.m */ = {isa = PBXFileReference; fileEncoding = 4; lastKnownFileType = sourcecode.c.objc; path = AFHTTPRequestOperationManager.m; sourceTree = "<group>"; };
		CC79CE4D1C31746800FEB53B /* AFHTTPSessionManager.h */ = {isa = PBXFileReference; fileEncoding = 4; lastKnownFileType = sourcecode.c.h; path = AFHTTPSessionManager.h; sourceTree = "<group>"; };
		CC79CE4E1C31746800FEB53B /* AFHTTPSessionManager.m */ = {isa = PBXFileReference; fileEncoding = 4; lastKnownFileType = sourcecode.c.objc; path = AFHTTPSessionManager.m; sourceTree = "<group>"; };
		CC79CE4F1C31746800FEB53B /* AFNetworking.h */ = {isa = PBXFileReference; fileEncoding = 4; lastKnownFileType = sourcecode.c.h; path = AFNetworking.h; sourceTree = "<group>"; };
		CC79CE501C31746800FEB53B /* AFNetworkReachabilityManager.h */ = {isa = PBXFileReference; fileEncoding = 4; lastKnownFileType = sourcecode.c.h; path = AFNetworkReachabilityManager.h; sourceTree = "<group>"; };
		CC79CE511C31746800FEB53B /* AFNetworkReachabilityManager.m */ = {isa = PBXFileReference; fileEncoding = 4; lastKnownFileType = sourcecode.c.objc; path = AFNetworkReachabilityManager.m; sourceTree = "<group>"; };
		CC79CE521C31746800FEB53B /* AFSecurityPolicy.h */ = {isa = PBXFileReference; fileEncoding = 4; lastKnownFileType = sourcecode.c.h; path = AFSecurityPolicy.h; sourceTree = "<group>"; };
		CC79CE531C31746800FEB53B /* AFSecurityPolicy.m */ = {isa = PBXFileReference; fileEncoding = 4; lastKnownFileType = sourcecode.c.objc; path = AFSecurityPolicy.m; sourceTree = "<group>"; };
		CC79CE541C31746800FEB53B /* AFURLConnectionOperation.h */ = {isa = PBXFileReference; fileEncoding = 4; lastKnownFileType = sourcecode.c.h; path = AFURLConnectionOperation.h; sourceTree = "<group>"; };
		CC79CE551C31746800FEB53B /* AFURLConnectionOperation.m */ = {isa = PBXFileReference; fileEncoding = 4; lastKnownFileType = sourcecode.c.objc; path = AFURLConnectionOperation.m; sourceTree = "<group>"; };
		CC79CE561C31746800FEB53B /* AFURLRequestSerialization.h */ = {isa = PBXFileReference; fileEncoding = 4; lastKnownFileType = sourcecode.c.h; path = AFURLRequestSerialization.h; sourceTree = "<group>"; };
		CC79CE571C31746800FEB53B /* AFURLRequestSerialization.m */ = {isa = PBXFileReference; fileEncoding = 4; lastKnownFileType = sourcecode.c.objc; path = AFURLRequestSerialization.m; sourceTree = "<group>"; };
		CC79CE581C31746800FEB53B /* AFURLResponseSerialization.h */ = {isa = PBXFileReference; fileEncoding = 4; lastKnownFileType = sourcecode.c.h; path = AFURLResponseSerialization.h; sourceTree = "<group>"; };
		CC79CE591C31746800FEB53B /* AFURLResponseSerialization.m */ = {isa = PBXFileReference; fileEncoding = 4; lastKnownFileType = sourcecode.c.objc; path = AFURLResponseSerialization.m; sourceTree = "<group>"; };
		CC79CE5A1C31746800FEB53B /* AFURLSessionManager.h */ = {isa = PBXFileReference; fileEncoding = 4; lastKnownFileType = sourcecode.c.h; path = AFURLSessionManager.h; sourceTree = "<group>"; };
		CC79CE5B1C31746800FEB53B /* AFURLSessionManager.m */ = {isa = PBXFileReference; fileEncoding = 4; lastKnownFileType = sourcecode.c.objc; path = AFURLSessionManager.m; sourceTree = "<group>"; };
		CC7EB8121C33811C00AAF26D /* HomeVC.h */ = {isa = PBXFileReference; fileEncoding = 4; lastKnownFileType = sourcecode.c.h; path = HomeVC.h; sourceTree = "<group>"; };
		CC7EB8131C33811C00AAF26D /* HomeVC.m */ = {isa = PBXFileReference; fileEncoding = 4; lastKnownFileType = sourcecode.c.objc; path = HomeVC.m; sourceTree = "<group>"; };
		CC86B7E31C3A5A4D004063AC /* NSString+StringSize.h */ = {isa = PBXFileReference; fileEncoding = 4; lastKnownFileType = sourcecode.c.h; path = "NSString+StringSize.h"; sourceTree = "<group>"; };
		CC86B7E41C3A5A4D004063AC /* NSString+StringSize.m */ = {isa = PBXFileReference; fileEncoding = 4; lastKnownFileType = sourcecode.c.objc; path = "NSString+StringSize.m"; sourceTree = "<group>"; };
		CC86B7E61C3A7990004063AC /* Status.h */ = {isa = PBXFileReference; fileEncoding = 4; lastKnownFileType = sourcecode.c.h; path = Status.h; sourceTree = "<group>"; };
		CC86B7E71C3A7990004063AC /* Status.m */ = {isa = PBXFileReference; fileEncoding = 4; lastKnownFileType = sourcecode.c.objc; path = Status.m; sourceTree = "<group>"; };
		CC86B7E91C3A79A1004063AC /* User.h */ = {isa = PBXFileReference; fileEncoding = 4; lastKnownFileType = sourcecode.c.h; path = User.h; sourceTree = "<group>"; };
		CC86B7EA1C3A79A1004063AC /* User.m */ = {isa = PBXFileReference; fileEncoding = 4; lastKnownFileType = sourcecode.c.objc; path = User.m; sourceTree = "<group>"; };
		CC9ED8811C2E7E7500225379 /* 微博MQ.app */ = {isa = PBXFileReference; explicitFileType = wrapper.application; includeInIndex = 0; path = "微博MQ.app"; sourceTree = BUILT_PRODUCTS_DIR; };
		CC9ED8851C2E7E7500225379 /* main.m */ = {isa = PBXFileReference; lastKnownFileType = sourcecode.c.objc; path = main.m; sourceTree = "<group>"; };
		CC9ED8871C2E7E7500225379 /* AppDelegate.h */ = {isa = PBXFileReference; lastKnownFileType = sourcecode.c.h; path = AppDelegate.h; sourceTree = "<group>"; };
		CC9ED8881C2E7E7500225379 /* AppDelegate.m */ = {isa = PBXFileReference; lastKnownFileType = sourcecode.c.objc; path = AppDelegate.m; sourceTree = "<group>"; };
		CC9ED88E1C2E7E7500225379 /* Base */ = {isa = PBXFileReference; lastKnownFileType = file.storyboard; name = Base; path = Base.lproj/Main.storyboard; sourceTree = "<group>"; };
		CC9ED8901C2E7E7500225379 /* Assets.xcassets */ = {isa = PBXFileReference; lastKnownFileType = folder.assetcatalog; path = Assets.xcassets; sourceTree = "<group>"; };
		CC9ED8931C2E7E7500225379 /* Base */ = {isa = PBXFileReference; lastKnownFileType = file.storyboard; name = Base; path = Base.lproj/LaunchScreen.storyboard; sourceTree = "<group>"; };
		CC9ED8951C2E7E7500225379 /* Info.plist */ = {isa = PBXFileReference; lastKnownFileType = text.plist.xml; path = Info.plist; sourceTree = "<group>"; };
		CC9ED89A1C2E7E7500225379 /* 微博MQTests.xctest */ = {isa = PBXFileReference; explicitFileType = wrapper.cfbundle; includeInIndex = 0; path = "微博MQTests.xctest"; sourceTree = BUILT_PRODUCTS_DIR; };
		CC9ED89E1C2E7E7500225379 /* __MQTests.m */ = {isa = PBXFileReference; lastKnownFileType = sourcecode.c.objc; path = __MQTests.m; sourceTree = "<group>"; };
		CC9ED8A01C2E7E7500225379 /* Info.plist */ = {isa = PBXFileReference; lastKnownFileType = text.plist.xml; path = Info.plist; sourceTree = "<group>"; };
		CC9ED8A51C2E7E7500225379 /* 微博MQUITests.xctest */ = {isa = PBXFileReference; explicitFileType = wrapper.cfbundle; includeInIndex = 0; path = "微博MQUITests.xctest"; sourceTree = BUILT_PRODUCTS_DIR; };
		CC9ED8A91C2E7E7500225379 /* __MQUITests.m */ = {isa = PBXFileReference; lastKnownFileType = sourcecode.c.objc; path = __MQUITests.m; sourceTree = "<group>"; };
		CC9ED8AB1C2E7E7500225379 /* Info.plist */ = {isa = PBXFileReference; lastKnownFileType = text.plist.xml; path = Info.plist; sourceTree = "<group>"; };
		CCC2157A1C3E6A5A009FE983 /* statusFooterView.h */ = {isa = PBXFileReference; lastKnownFileType = sourcecode.c.h; path = statusFooterView.h; sourceTree = "<group>"; };
		CCC2157B1C3E6A68009FE983 /* statusFooterView.m */ = {isa = PBXFileReference; fileEncoding = 4; lastKnownFileType = sourcecode.c.objc; path = statusFooterView.m; sourceTree = "<group>"; };
		CCC2157C1C3E6A68009FE983 /* statusFooterView.xib */ = {isa = PBXFileReference; fileEncoding = 4; lastKnownFileType = file.xib; path = statusFooterView.xib; sourceTree = "<group>"; };
		CCC2157F1C3E96F4009FE983 /* StatusDetailViewController.h */ = {isa = PBXFileReference; fileEncoding = 4; lastKnownFileType = sourcecode.c.h; path = StatusDetailViewController.h; sourceTree = "<group>"; };
		CCC215801C3E96F4009FE983 /* StatusDetailViewController.m */ = {isa = PBXFileReference; fileEncoding = 4; lastKnownFileType = sourcecode.c.objc; path = StatusDetailViewController.m; sourceTree = "<group>"; };
		CCCADAA11C3B72DB00C26D62 /* status.db */ = {isa = PBXFileReference; lastKnownFileType = file; path = status.db; sourceTree = SOURCE_ROOT; };
		CCCADAA31C3B734400C26D62 /* dataBase.h */ = {isa = PBXFileReference; fileEncoding = 4; lastKnownFileType = sourcecode.c.h; path = dataBase.h; sourceTree = "<group>"; };
		CCCADAA41C3B734400C26D62 /* dataBase.m */ = {isa = PBXFileReference; fileEncoding = 4; lastKnownFileType = sourcecode.c.objc; path = dataBase.m; sourceTree = "<group>"; };
		CCCADAA71C3B9A6C00C26D62 /* FMDatabase.h */ = {isa = PBXFileReference; fileEncoding = 4; lastKnownFileType = sourcecode.c.h; path = FMDatabase.h; sourceTree = "<group>"; };
		CCCADAA81C3B9A6C00C26D62 /* FMDatabase.m */ = {isa = PBXFileReference; fileEncoding = 4; lastKnownFileType = sourcecode.c.objc; path = FMDatabase.m; sourceTree = "<group>"; };
		CCCADAA91C3B9A6C00C26D62 /* FMDatabaseAdditions.h */ = {isa = PBXFileReference; fileEncoding = 4; lastKnownFileType = sourcecode.c.h; path = FMDatabaseAdditions.h; sourceTree = "<group>"; };
		CCCADAAA1C3B9A6C00C26D62 /* FMDatabaseAdditions.m */ = {isa = PBXFileReference; fileEncoding = 4; lastKnownFileType = sourcecode.c.objc; path = FMDatabaseAdditions.m; sourceTree = "<group>"; };
		CCCADAAB1C3B9A6C00C26D62 /* FMDatabasePool.h */ = {isa = PBXFileReference; fileEncoding = 4; lastKnownFileType = sourcecode.c.h; path = FMDatabasePool.h; sourceTree = "<group>"; };
		CCCADAAC1C3B9A6C00C26D62 /* FMDatabasePool.m */ = {isa = PBXFileReference; fileEncoding = 4; lastKnownFileType = sourcecode.c.objc; path = FMDatabasePool.m; sourceTree = "<group>"; };
		CCCADAAD1C3B9A6C00C26D62 /* FMDatabaseQueue.h */ = {isa = PBXFileReference; fileEncoding = 4; lastKnownFileType = sourcecode.c.h; path = FMDatabaseQueue.h; sourceTree = "<group>"; };
		CCCADAAE1C3B9A6C00C26D62 /* FMDatabaseQueue.m */ = {isa = PBXFileReference; fileEncoding = 4; lastKnownFileType = sourcecode.c.objc; path = FMDatabaseQueue.m; sourceTree = "<group>"; };
		CCCADAAF1C3B9A6C00C26D62 /* FMDB.h */ = {isa = PBXFileReference; fileEncoding = 4; lastKnownFileType = sourcecode.c.h; path = FMDB.h; sourceTree = "<group>"; };
		CCCADAB01C3B9A6C00C26D62 /* FMResultSet.h */ = {isa = PBXFileReference; fileEncoding = 4; lastKnownFileType = sourcecode.c.h; path = FMResultSet.h; sourceTree = "<group>"; };
		CCCADAB11C3B9A6C00C26D62 /* FMResultSet.m */ = {isa = PBXFileReference; fileEncoding = 4; lastKnownFileType = sourcecode.c.objc; path = FMResultSet.m; sourceTree = "<group>"; };
		CCCADAB71C3BA2F600C26D62 /* libsqlite3.tbd */ = {isa = PBXFileReference; lastKnownFileType = "sourcecode.text-based-dylib-definition"; name = libsqlite3.tbd; path = usr/lib/libsqlite3.tbd; sourceTree = SDKROOT; };
		CCCB7E401C30107D00C634A2 /* GuideViewController.h */ = {isa = PBXFileReference; fileEncoding = 4; lastKnownFileType = sourcecode.c.h; path = GuideViewController.h; sourceTree = "<group>"; };
		CCCB7E411C30107D00C634A2 /* GuideViewController.m */ = {isa = PBXFileReference; fileEncoding = 4; lastKnownFileType = sourcecode.c.objc; path = GuideViewController.m; sourceTree = "<group>"; };
		CCCB7E431C30152200C634A2 /* Common.h */ = {isa = PBXFileReference; lastKnownFileType = sourcecode.c.h; path = Common.h; sourceTree = "<group>"; };
		CCE01B5B1C3225C7007CF40B /* Account.h */ = {isa = PBXFileReference; fileEncoding = 4; lastKnownFileType = sourcecode.c.h; path = Account.h; sourceTree = "<group>"; };
		CCE01B5C1C3225C7007CF40B /* Account.m */ = {isa = PBXFileReference; fileEncoding = 4; lastKnownFileType = sourcecode.c.objc; path = Account.m; sourceTree = "<group>"; };
		CCE01B5E1C3232F2007CF40B /* NSString+filePath.h */ = {isa = PBXFileReference; fileEncoding = 4; lastKnownFileType = sourcecode.c.h; path = "NSString+filePath.h"; sourceTree = "<group>"; };
		CCE01B5F1C3232F2007CF40B /* NSString+filePath.m */ = {isa = PBXFileReference; fileEncoding = 4; lastKnownFileType = sourcecode.c.objc; path = "NSString+filePath.m"; sourceTree = "<group>"; };
		CCE01B611C323AAC007CF40B /* FindViewController.h */ = {isa = PBXFileReference; fileEncoding = 4; lastKnownFileType = sourcecode.c.h; path = FindViewController.h; sourceTree = "<group>"; };
		CCE01B621C323AAC007CF40B /* FindViewController.m */ = {isa = PBXFileReference; fileEncoding = 4; lastKnownFileType = sourcecode.c.objc; path = FindViewController.m; sourceTree = "<group>"; };
		CCE01B651C326FDD007CF40B /* SettingViewController.h */ = {isa = PBXFileReference; fileEncoding = 4; lastKnownFileType = sourcecode.c.h; path = SettingViewController.h; sourceTree = "<group>"; };
		CCE01B661C326FDD007CF40B /* SettingViewController.m */ = {isa = PBXFileReference; fileEncoding = 4; lastKnownFileType = sourcecode.c.objc; path = SettingViewController.m; sourceTree = "<group>"; };
		CCE01B681C328BF9007CF40B /* UITableView+index.h */ = {isa = PBXFileReference; fileEncoding = 4; lastKnownFileType = sourcecode.c.h; path = "UITableView+index.h"; sourceTree = "<group>"; };
		CCE01B691C328BF9007CF40B /* UITableView+index.m */ = {isa = PBXFileReference; fileEncoding = 4; lastKnownFileType = sourcecode.c.objc; path = "UITableView+index.m"; sourceTree = "<group>"; };
/* End PBXFileReference section */

/* Begin PBXFrameworksBuildPhase section */
		CC9ED87E1C2E7E7500225379 /* Frameworks */ = {
			isa = PBXFrameworksBuildPhase;
			buildActionMask = 2147483647;
			files = (
				CCCADAB81C3BA2F600C26D62 /* libsqlite3.tbd in Frameworks */,
			);
			runOnlyForDeploymentPostprocessing = 0;
		};
		CC9ED8971C2E7E7500225379 /* Frameworks */ = {
			isa = PBXFrameworksBuildPhase;
			buildActionMask = 2147483647;
			files = (
			);
			runOnlyForDeploymentPostprocessing = 0;
		};
		CC9ED8A21C2E7E7500225379 /* Frameworks */ = {
			isa = PBXFrameworksBuildPhase;
			buildActionMask = 2147483647;
			files = (
			);
			runOnlyForDeploymentPostprocessing = 0;
		};
/* End PBXFrameworksBuildPhase section */

/* Begin PBXGroup section */
		CC1D84921C33FF5600EA877E /* SDWebImage */ = {
			isa = PBXGroup;
			children = (
				CC1D84931C33FF5600EA877E /* MKAnnotationView+WebCache.h */,
				CC1D84941C33FF5600EA877E /* MKAnnotationView+WebCache.m */,
				CC1D84951C33FF5600EA877E /* NSData+ImageContentType.h */,
				CC1D84961C33FF5600EA877E /* NSData+ImageContentType.m */,
				CC1D84971C33FF5600EA877E /* SDImageCache.h */,
				CC1D84981C33FF5600EA877E /* SDImageCache.m */,
				CC1D84991C33FF5600EA877E /* SDWebImageCompat.h */,
				CC1D849A1C33FF5600EA877E /* SDWebImageCompat.m */,
				CC1D849B1C33FF5600EA877E /* SDWebImageDecoder.h */,
				CC1D849C1C33FF5600EA877E /* SDWebImageDecoder.m */,
				CC1D849D1C33FF5600EA877E /* SDWebImageDownloader.h */,
				CC1D849E1C33FF5600EA877E /* SDWebImageDownloader.m */,
				CC1D849F1C33FF5600EA877E /* SDWebImageDownloaderOperation.h */,
				CC1D84A01C33FF5600EA877E /* SDWebImageDownloaderOperation.m */,
				CC1D84A11C33FF5600EA877E /* SDWebImageManager.h */,
				CC1D84A21C33FF5600EA877E /* SDWebImageManager.m */,
				CC1D84A31C33FF5600EA877E /* SDWebImageOperation.h */,
				CC1D84A41C33FF5600EA877E /* SDWebImagePrefetcher.h */,
				CC1D84A51C33FF5600EA877E /* SDWebImagePrefetcher.m */,
				CC1D84A61C33FF5600EA877E /* UIButton+WebCache.h */,
				CC1D84A71C33FF5600EA877E /* UIButton+WebCache.m */,
				CC1D84A81C33FF5600EA877E /* UIImage+GIF.h */,
				CC1D84A91C33FF5600EA877E /* UIImage+GIF.m */,
				CC1D84AA1C33FF5600EA877E /* UIImage+MultiFormat.h */,
				CC1D84AB1C33FF5600EA877E /* UIImage+MultiFormat.m */,
				CC1D84AC1C33FF5600EA877E /* UIImage+WebP.h */,
				CC1D84AD1C33FF5600EA877E /* UIImage+WebP.m */,
				CC1D84AE1C33FF5600EA877E /* UIImageView+HighlightedWebCache.h */,
				CC1D84AF1C33FF5600EA877E /* UIImageView+HighlightedWebCache.m */,
				CC1D84B01C33FF5600EA877E /* UIImageView+WebCache.h */,
				CC1D84B11C33FF5600EA877E /* UIImageView+WebCache.m */,
				CC1D84B21C33FF5600EA877E /* UIView+WebCacheOperation.h */,
				CC1D84B31C33FF5600EA877E /* UIView+WebCacheOperation.m */,
			);
			path = SDWebImage;
			sourceTree = "<group>";
		};
		CC76FD2B1C3D0864004B8846 /* SDPhotoBrowser */ = {
			isa = PBXGroup;
			children = (
				CC76FD2C1C3D0864004B8846 /* SDBrowserImageView.h */,
				CC76FD2D1C3D0864004B8846 /* SDBrowserImageView.m */,
				CC76FD2E1C3D0864004B8846 /* SDPhotoBrowser.h */,
				CC76FD2F1C3D0864004B8846 /* SDPhotoBrowser.m */,
				CC76FD301C3D0864004B8846 /* SDPhotoBrowserConfig.h */,
				CC76FD311C3D0864004B8846 /* SDWaitingView.h */,
				CC76FD321C3D0864004B8846 /* SDWaitingView.m */,
			);
			name = SDPhotoBrowser;
			path = ../../../../../Downloads/SDPhotoBrowser/SDPhotoBrowser/SDPhotoBrowser;
			sourceTree = "<group>";
		};
		CC79CE3B1C3125E400FEB53B /* Main */ = {
			isa = PBXGroup;
			children = (
				CC79CE3F1C3126B300FEB53B /* MainViewController.h */,
				CC79CE401C3126B300FEB53B /* MainViewController.m */,
			);
			name = Main;
			sourceTree = "<group>";
		};
		CC79CE3C1C3125E800FEB53B /* Login */ = {
			isa = PBXGroup;
			children = (
				CC79CE451C312F5E00FEB53B /* LoginViewController.h */,
				CC79CE461C312F5E00FEB53B /* LoginViewController.m */,
			);
			name = Login;
			sourceTree = "<group>";
		};
		CC79CE3D1C3125EC00FEB53B /* Find */ = {
			isa = PBXGroup;
			children = (
				CCE01B611C323AAC007CF40B /* FindViewController.h */,
				CCE01B621C323AAC007CF40B /* FindViewController.m */,
			);
			name = Find;
			sourceTree = "<group>";
		};
		CC79CE3E1C3125F100FEB53B /* Me */ = {
			isa = PBXGroup;
			children = (
			);
			name = Me;
			sourceTree = "<group>";
		};
		CC79CE481C31746800FEB53B /* AFNetworking */ = {
			isa = PBXGroup;
			children = (
				CC79CE491C31746800FEB53B /* AFHTTPRequestOperation.h */,
				CC79CE4A1C31746800FEB53B /* AFHTTPRequestOperation.m */,
				CC79CE4B1C31746800FEB53B /* AFHTTPRequestOperationManager.h */,
				CC79CE4C1C31746800FEB53B /* AFHTTPRequestOperationManager.m */,
				CC79CE4D1C31746800FEB53B /* AFHTTPSessionManager.h */,
				CC79CE4E1C31746800FEB53B /* AFHTTPSessionManager.m */,
				CC79CE4F1C31746800FEB53B /* AFNetworking.h */,
				CC79CE501C31746800FEB53B /* AFNetworkReachabilityManager.h */,
				CC79CE511C31746800FEB53B /* AFNetworkReachabilityManager.m */,
				CC79CE521C31746800FEB53B /* AFSecurityPolicy.h */,
				CC79CE531C31746800FEB53B /* AFSecurityPolicy.m */,
				CC79CE541C31746800FEB53B /* AFURLConnectionOperation.h */,
				CC79CE551C31746800FEB53B /* AFURLConnectionOperation.m */,
				CC79CE561C31746800FEB53B /* AFURLRequestSerialization.h */,
				CC79CE571C31746800FEB53B /* AFURLRequestSerialization.m */,
				CC79CE581C31746800FEB53B /* AFURLResponseSerialization.h */,
				CC79CE591C31746800FEB53B /* AFURLResponseSerialization.m */,
				CC79CE5A1C31746800FEB53B /* AFURLSessionManager.h */,
				CC79CE5B1C31746800FEB53B /* AFURLSessionManager.m */,
			);
			path = AFNetworking;
			sourceTree = "<group>";
		};
		CC9ED8781C2E7E7500225379 = {
			isa = PBXGroup;
			children = (
				CCCADAB71C3BA2F600C26D62 /* libsqlite3.tbd */,
				CC9ED8831C2E7E7500225379 /* 微博MQ */,
				CC9ED89D1C2E7E7500225379 /* 微博MQTests */,
				CC9ED8A81C2E7E7500225379 /* 微博MQUITests */,
				CC9ED8821C2E7E7500225379 /* Products */,
			);
			sourceTree = "<group>";
		};
		CC9ED8821C2E7E7500225379 /* Products */ = {
			isa = PBXGroup;
			children = (
				CC9ED8811C2E7E7500225379 /* 微博MQ.app */,
				CC9ED89A1C2E7E7500225379 /* 微博MQTests.xctest */,
				CC9ED8A51C2E7E7500225379 /* 微博MQUITests.xctest */,
			);
			name = Products;
			sourceTree = "<group>";
		};
		CC9ED8831C2E7E7500225379 /* 微博MQ */ = {
			isa = PBXGroup;
			children = (
				CCCB7E3B1C300BC700C634A2 /* Others */,
				CCCB7E391C300B6D00C634A2 /* Views */,
				CCCB7E381C300B3F00C634A2 /* Models */,
				CCCB7E371C300B1E00C634A2 /* ViewControllers */,
				CCCB7E361C300AED00C634A2 /* Open Source */,
				CC9ED8841C2E7E7500225379 /* Supporting Files */,
			);
			path = "微博MQ";
			sourceTree = "<group>";
		};
		CC9ED8841C2E7E7500225379 /* Supporting Files */ = {
			isa = PBXGroup;
			children = (
				CC9ED8901C2E7E7500225379 /* Assets.xcassets */,
				CC9ED8921C2E7E7500225379 /* LaunchScreen.storyboard */,
				CC9ED8951C2E7E7500225379 /* Info.plist */,
				CC9ED8851C2E7E7500225379 /* main.m */,
			);
			name = "Supporting Files";
			sourceTree = "<group>";
		};
		CC9ED89D1C2E7E7500225379 /* 微博MQTests */ = {
			isa = PBXGroup;
			children = (
				CC9ED89E1C2E7E7500225379 /* __MQTests.m */,
				CC9ED8A01C2E7E7500225379 /* Info.plist */,
			);
			path = "微博MQTests";
			sourceTree = "<group>";
		};
		CC9ED8A81C2E7E7500225379 /* 微博MQUITests */ = {
			isa = PBXGroup;
			children = (
				CC9ED8A91C2E7E7500225379 /* __MQUITests.m */,
				CC9ED8AB1C2E7E7500225379 /* Info.plist */,
			);
			path = "微博MQUITests";
			sourceTree = "<group>";
		};
		CCCADAA61C3B9A1C00C26D62 /* fmdb */ = {
			isa = PBXGroup;
			children = (
				CCCADAA71C3B9A6C00C26D62 /* FMDatabase.h */,
				CCCADAA81C3B9A6C00C26D62 /* FMDatabase.m */,
				CCCADAA91C3B9A6C00C26D62 /* FMDatabaseAdditions.h */,
				CCCADAAA1C3B9A6C00C26D62 /* FMDatabaseAdditions.m */,
				CCCADAAB1C3B9A6C00C26D62 /* FMDatabasePool.h */,
				CCCADAAC1C3B9A6C00C26D62 /* FMDatabasePool.m */,
				CCCADAAD1C3B9A6C00C26D62 /* FMDatabaseQueue.h */,
				CCCADAAE1C3B9A6C00C26D62 /* FMDatabaseQueue.m */,
				CCCADAAF1C3B9A6C00C26D62 /* FMDB.h */,
				CCCADAB01C3B9A6C00C26D62 /* FMResultSet.h */,
				CCCADAB11C3B9A6C00C26D62 /* FMResultSet.m */,
			);
			name = fmdb;
			sourceTree = "<group>";
		};
		CCCB7E361C300AED00C634A2 /* Open Source */ = {
			isa = PBXGroup;
			children = (
				CC76FD2B1C3D0864004B8846 /* SDPhotoBrowser */,
				CCCADAA61C3B9A1C00C26D62 /* fmdb */,
				CC1D84921C33FF5600EA877E /* SDWebImage */,
				CC79CE481C31746800FEB53B /* AFNetworking */,
			);
			name = "Open Source";
			sourceTree = "<group>";
		};
		CCCB7E371C300B1E00C634A2 /* ViewControllers */ = {
			isa = PBXGroup;
			children = (
				CCE01B6C1C32CA3D007CF40B /* Home */,
				CCE01B641C326FAA007CF40B /* Set */,
				CC79CE3E1C3125F100FEB53B /* Me */,
				CC79CE3D1C3125EC00FEB53B /* Find */,
				CC79CE3C1C3125E800FEB53B /* Login */,
				CC79CE3B1C3125E400FEB53B /* Main */,
				CCCB7E3F1C300D3F00C634A2 /* Guide */,
			);
			name = ViewControllers;
			sourceTree = "<group>";
		};
		CCCB7E381C300B3F00C634A2 /* Models */ = {
			isa = PBXGroup;
			children = (
				CCE01B5B1C3225C7007CF40B /* Account.h */,
				CCE01B5C1C3225C7007CF40B /* Account.m */,
				CC86B7E61C3A7990004063AC /* Status.h */,
				CC86B7E71C3A7990004063AC /* Status.m */,
				CC86B7E91C3A79A1004063AC /* User.h */,
				CC86B7EA1C3A79A1004063AC /* User.m */,
			);
			name = Models;
			sourceTree = "<group>";
		};
		CCCB7E391C300B6D00C634A2 /* Views */ = {
			isa = PBXGroup;
			children = (
				CC9ED88D1C2E7E7500225379 /* Main.storyboard */,
				CC1D848E1C33E0CD00EA877E /* StatusTableViewCell.h */,
				CC1D848F1C33E0CD00EA877E /* StatusTableViewCell.m */,
				CCC2157A1C3E6A5A009FE983 /* statusFooterView.h */,
				CCC2157B1C3E6A68009FE983 /* statusFooterView.m */,
				CCC2157C1C3E6A68009FE983 /* statusFooterView.xib */,
			);
			name = Views;
			sourceTree = "<group>";
		};
		CCCB7E3B1C300BC700C634A2 /* Others */ = {
			isa = PBXGroup;
			children = (
				CCCADAA11C3B72DB00C26D62 /* status.db */,
				CCCADAA31C3B734400C26D62 /* dataBase.h */,
				CCCADAA41C3B734400C26D62 /* dataBase.m */,
				CC9ED8871C2E7E7500225379 /* AppDelegate.h */,
				CC9ED8881C2E7E7500225379 /* AppDelegate.m */,
				CCE01B5E1C3232F2007CF40B /* NSString+filePath.h */,
				CCE01B5F1C3232F2007CF40B /* NSString+filePath.m */,
				CCCB7E431C30152200C634A2 /* Common.h */,
				CCE01B681C328BF9007CF40B /* UITableView+index.h */,
				CCE01B691C328BF9007CF40B /* UITableView+index.m */,
				CC86B7E31C3A5A4D004063AC /* NSString+StringSize.h */,
				CC86B7E41C3A5A4D004063AC /* NSString+StringSize.m */,
				CC7497601C3E25D7004C6DDA /* UINavigationController+notification.h */,
				CC7497611C3E25D7004C6DDA /* UINavigationController+notification.m */,
			);
			name = Others;
			sourceTree = "<group>";
		};
		CCCB7E3F1C300D3F00C634A2 /* Guide */ = {
			isa = PBXGroup;
			children = (
				CCCB7E401C30107D00C634A2 /* GuideViewController.h */,
				CCCB7E411C30107D00C634A2 /* GuideViewController.m */,
			);
			name = Guide;
			sourceTree = "<group>";
		};
		CCE01B641C326FAA007CF40B /* Set */ = {
			isa = PBXGroup;
			children = (
				CCE01B651C326FDD007CF40B /* SettingViewController.h */,
				CCE01B661C326FDD007CF40B /* SettingViewController.m */,
			);
			name = Set;
			sourceTree = "<group>";
		};
		CCE01B6C1C32CA3D007CF40B /* Home */ = {
			isa = PBXGroup;
			children = (
				CC7EB8121C33811C00AAF26D /* HomeVC.h */,
				CC7EB8131C33811C00AAF26D /* HomeVC.m */,
				CCC2157F1C3E96F4009FE983 /* StatusDetailViewController.h */,
				CCC215801C3E96F4009FE983 /* StatusDetailViewController.m */,
			);
			name = Home;
			sourceTree = "<group>";
		};
/* End PBXGroup section */

/* Begin PBXNativeTarget section */
		CC9ED8801C2E7E7500225379 /* 微博MQ */ = {
			isa = PBXNativeTarget;
			buildConfigurationList = CC9ED8AE1C2E7E7500225379 /* Build configuration list for PBXNativeTarget "微博MQ" */;
			buildPhases = (
				CC9ED87D1C2E7E7500225379 /* Sources */,
				CC9ED87E1C2E7E7500225379 /* Frameworks */,
				CC9ED87F1C2E7E7500225379 /* Resources */,
			);
			buildRules = (
			);
			dependencies = (
			);
			name = "微博MQ";
			productName = "微博MQ";
			productReference = CC9ED8811C2E7E7500225379 /* 微博MQ.app */;
			productType = "com.apple.product-type.application";
		};
		CC9ED8991C2E7E7500225379 /* 微博MQTests */ = {
			isa = PBXNativeTarget;
			buildConfigurationList = CC9ED8B11C2E7E7500225379 /* Build configuration list for PBXNativeTarget "微博MQTests" */;
			buildPhases = (
				CC9ED8961C2E7E7500225379 /* Sources */,
				CC9ED8971C2E7E7500225379 /* Frameworks */,
				CC9ED8981C2E7E7500225379 /* Resources */,
			);
			buildRules = (
			);
			dependencies = (
				CC9ED89C1C2E7E7500225379 /* PBXTargetDependency */,
			);
			name = "微博MQTests";
			productName = "微博MQTests";
			productReference = CC9ED89A1C2E7E7500225379 /* 微博MQTests.xctest */;
			productType = "com.apple.product-type.bundle.unit-test";
		};
		CC9ED8A41C2E7E7500225379 /* 微博MQUITests */ = {
			isa = PBXNativeTarget;
			buildConfigurationList = CC9ED8B41C2E7E7500225379 /* Build configuration list for PBXNativeTarget "微博MQUITests" */;
			buildPhases = (
				CC9ED8A11C2E7E7500225379 /* Sources */,
				CC9ED8A21C2E7E7500225379 /* Frameworks */,
				CC9ED8A31C2E7E7500225379 /* Resources */,
			);
			buildRules = (
			);
			dependencies = (
				CC9ED8A71C2E7E7500225379 /* PBXTargetDependency */,
			);
			name = "微博MQUITests";
			productName = "微博MQUITests";
			productReference = CC9ED8A51C2E7E7500225379 /* 微博MQUITests.xctest */;
			productType = "com.apple.product-type.bundle.ui-testing";
		};
/* End PBXNativeTarget section */

/* Begin PBXProject section */
		CC9ED8791C2E7E7500225379 /* Project object */ = {
			isa = PBXProject;
			attributes = {
				LastUpgradeCheck = 0710;
				ORGANIZATIONNAME = com.qingyun;
				TargetAttributes = {
					CC9ED8801C2E7E7500225379 = {
						CreatedOnToolsVersion = 7.1;
					};
					CC9ED8991C2E7E7500225379 = {
						CreatedOnToolsVersion = 7.1;
						TestTargetID = CC9ED8801C2E7E7500225379;
					};
					CC9ED8A41C2E7E7500225379 = {
						CreatedOnToolsVersion = 7.1;
						TestTargetID = CC9ED8801C2E7E7500225379;
					};
				};
			};
			buildConfigurationList = CC9ED87C1C2E7E7500225379 /* Build configuration list for PBXProject "微博MQ" */;
			compatibilityVersion = "Xcode 3.2";
			developmentRegion = English;
			hasScannedForEncodings = 0;
			knownRegions = (
				en,
				Base,
			);
			mainGroup = CC9ED8781C2E7E7500225379;
			productRefGroup = CC9ED8821C2E7E7500225379 /* Products */;
			projectDirPath = "";
			projectRoot = "";
			targets = (
				CC9ED8801C2E7E7500225379 /* 微博MQ */,
				CC9ED8991C2E7E7500225379 /* 微博MQTests */,
				CC9ED8A41C2E7E7500225379 /* 微博MQUITests */,
			);
		};
/* End PBXProject section */

/* Begin PBXResourcesBuildPhase section */
		CC9ED87F1C2E7E7500225379 /* Resources */ = {
			isa = PBXResourcesBuildPhase;
			buildActionMask = 2147483647;
			files = (
				CCC2157E1C3E6A68009FE983 /* statusFooterView.xib in Resources */,
				CC9ED8941C2E7E7500225379 /* LaunchScreen.storyboard in Resources */,
				CC9ED8911C2E7E7500225379 /* Assets.xcassets in Resources */,
				CC9ED88F1C2E7E7500225379 /* Main.storyboard in Resources */,
				CCCADAA21C3B72DB00C26D62 /* status.db in Resources */,
			);
			runOnlyForDeploymentPostprocessing = 0;
		};
		CC9ED8981C2E7E7500225379 /* Resources */ = {
			isa = PBXResourcesBuildPhase;
			buildActionMask = 2147483647;
			files = (
			);
			runOnlyForDeploymentPostprocessing = 0;
		};
		CC9ED8A31C2E7E7500225379 /* Resources */ = {
			isa = PBXResourcesBuildPhase;
			buildActionMask = 2147483647;
			files = (
			);
			runOnlyForDeploymentPostprocessing = 0;
		};
/* End PBXResourcesBuildPhase section */

/* Begin PBXSourcesBuildPhase section */
		CC9ED87D1C2E7E7500225379 /* Sources */ = {
			isa = PBXSourcesBuildPhase;
			buildActionMask = 2147483647;
			files = (
				CC76FD341C3D0864004B8846 /* SDPhotoBrowser.m in Sources */,
				CC86B7EB1C3A79A1004063AC /* User.m in Sources */,
				CC1D84B81C33FF5600EA877E /* SDWebImageDecoder.m in Sources */,
				CC79CE611C31746800FEB53B /* AFURLConnectionOperation.m in Sources */,
				CCCADAB21C3B9A6C00C26D62 /* FMDatabase.m in Sources */,
				CC1D84B41C33FF5600EA877E /* MKAnnotationView+WebCache.m in Sources */,
				CCCADAB41C3B9A6C00C26D62 /* FMDatabasePool.m in Sources */,
				CCE01B631C323AAC007CF40B /* FindViewController.m in Sources */,
				CC79CE5C1C31746800FEB53B /* AFHTTPRequestOperation.m in Sources */,
				CC7EB8141C33811C00AAF26D /* HomeVC.m in Sources */,
				CC79CE5F1C31746800FEB53B /* AFNetworkReachabilityManager.m in Sources */,
				CCE01B5D1C3225C7007CF40B /* Account.m in Sources */,
				CC1D84B71C33FF5600EA877E /* SDWebImageCompat.m in Sources */,
				CCC2157D1C3E6A68009FE983 /* statusFooterView.m in Sources */,
				CC1D84B61C33FF5600EA877E /* SDImageCache.m in Sources */,
				CC1D84BF1C33FF5600EA877E /* UIImage+MultiFormat.m in Sources */,
				CC1D84BE1C33FF5600EA877E /* UIImage+GIF.m in Sources */,
				CCC215811C3E96F4009FE983 /* StatusDetailViewController.m in Sources */,
				CC1D84B91C33FF5600EA877E /* SDWebImageDownloader.m in Sources */,
				CCE01B671C326FDD007CF40B /* SettingViewController.m in Sources */,
				CC1D84C21C33FF5600EA877E /* UIImageView+WebCache.m in Sources */,
				CC1D84BD1C33FF5600EA877E /* UIButton+WebCache.m in Sources */,
				CCE01B6A1C328BF9007CF40B /* UITableView+index.m in Sources */,
				CC79CE641C31746800FEB53B /* AFURLSessionManager.m in Sources */,
				CC79CE621C31746800FEB53B /* AFURLRequestSerialization.m in Sources */,
				CC86B7E81C3A7990004063AC /* Status.m in Sources */,
				CC9ED8891C2E7E7500225379 /* AppDelegate.m in Sources */,
				CC79CE631C31746800FEB53B /* AFURLResponseSerialization.m in Sources */,
				CC1D84901C33E0CD00EA877E /* StatusTableViewCell.m in Sources */,
				CC1D84BA1C33FF5600EA877E /* SDWebImageDownloaderOperation.m in Sources */,
				CC86B7E51C3A5A4D004063AC /* NSString+StringSize.m in Sources */,
				CC9ED8861C2E7E7500225379 /* main.m in Sources */,
				CCCB7E421C30107D00C634A2 /* GuideViewController.m in Sources */,
				CC1D84BC1C33FF5600EA877E /* SDWebImagePrefetcher.m in Sources */,
				CC76FD351C3D0864004B8846 /* SDWaitingView.m in Sources */,
				CC1D84C01C33FF5600EA877E /* UIImage+WebP.m in Sources */,
				CC1D84BB1C33FF5600EA877E /* SDWebImageManager.m in Sources */,
				CC1D84B51C33FF5600EA877E /* NSData+ImageContentType.m in Sources */,
				CC79CE5D1C31746800FEB53B /* AFHTTPRequestOperationManager.m in Sources */,
				CCCADAB51C3B9A6C00C26D62 /* FMDatabaseQueue.m in Sources */,
				CC7497621C3E25D7004C6DDA /* UINavigationController+notification.m in Sources */,
				CC79CE601C31746800FEB53B /* AFSecurityPolicy.m in Sources */,
				CC79CE411C3126B300FEB53B /* MainViewController.m in Sources */,
				CCCADAB31C3B9A6C00C26D62 /* FMDatabaseAdditions.m in Sources */,
				CC79CE471C312F5E00FEB53B /* LoginViewController.m in Sources */,
				CCCADAB61C3B9A6C00C26D62 /* FMResultSet.m in Sources */,
				CCE01B601C3232F2007CF40B /* NSString+filePath.m in Sources */,
				CC76FD331C3D0864004B8846 /* SDBrowserImageView.m in Sources */,
				CC1D84C31C33FF5600EA877E /* UIView+WebCacheOperation.m in Sources */,
				CC1D84C11C33FF5600EA877E /* UIImageView+HighlightedWebCache.m in Sources */,
				CC79CE5E1C31746800FEB53B /* AFHTTPSessionManager.m in Sources */,
				CCCADAA51C3B734400C26D62 /* dataBase.m in Sources */,
			);
			runOnlyForDeploymentPostprocessing = 0;
		};
		CC9ED8961C2E7E7500225379 /* Sources */ = {
			isa = PBXSourcesBuildPhase;
			buildActionMask = 2147483647;
			files = (
				CC9ED89F1C2E7E7500225379 /* __MQTests.m in Sources */,
			);
			runOnlyForDeploymentPostprocessing = 0;
		};
		CC9ED8A11C2E7E7500225379 /* Sources */ = {
			isa = PBXSourcesBuildPhase;
			buildActionMask = 2147483647;
			files = (
				CC9ED8AA1C2E7E7500225379 /* __MQUITests.m in Sources */,
			);
			runOnlyForDeploymentPostprocessing = 0;
		};
/* End PBXSourcesBuildPhase section */

/* Begin PBXTargetDependency section */
		CC9ED89C1C2E7E7500225379 /* PBXTargetDependency */ = {
			isa = PBXTargetDependency;
			target = CC9ED8801C2E7E7500225379 /* 微博MQ */;
			targetProxy = CC9ED89B1C2E7E7500225379 /* PBXContainerItemProxy */;
		};
		CC9ED8A71C2E7E7500225379 /* PBXTargetDependency */ = {
			isa = PBXTargetDependency;
			target = CC9ED8801C2E7E7500225379 /* 微博MQ */;
			targetProxy = CC9ED8A61C2E7E7500225379 /* PBXContainerItemProxy */;
		};
/* End PBXTargetDependency section */

/* Begin PBXVariantGroup section */
		CC9ED88D1C2E7E7500225379 /* Main.storyboard */ = {
			isa = PBXVariantGroup;
			children = (
				CC9ED88E1C2E7E7500225379 /* Base */,
			);
			name = Main.storyboard;
			sourceTree = "<group>";
		};
		CC9ED8921C2E7E7500225379 /* LaunchScreen.storyboard */ = {
			isa = PBXVariantGroup;
			children = (
				CC9ED8931C2E7E7500225379 /* Base */,
			);
			name = LaunchScreen.storyboard;
			sourceTree = "<group>";
		};
/* End PBXVariantGroup section */

/* Begin XCBuildConfiguration section */
		CC9ED8AC1C2E7E7500225379 /* Debug */ = {
			isa = XCBuildConfiguration;
			buildSettings = {
				ALWAYS_SEARCH_USER_PATHS = NO;
				CLANG_CXX_LANGUAGE_STANDARD = "gnu++0x";
				CLANG_CXX_LIBRARY = "libc++";
				CLANG_ENABLE_MODULES = YES;
				CLANG_ENABLE_OBJC_ARC = YES;
				CLANG_WARN_BOOL_CONVERSION = YES;
				CLANG_WARN_CONSTANT_CONVERSION = YES;
				CLANG_WARN_DIRECT_OBJC_ISA_USAGE = YES_ERROR;
				CLANG_WARN_EMPTY_BODY = YES;
				CLANG_WARN_ENUM_CONVERSION = YES;
				CLANG_WARN_INT_CONVERSION = YES;
				CLANG_WARN_OBJC_ROOT_CLASS = YES_ERROR;
				CLANG_WARN_UNREACHABLE_CODE = YES;
				CLANG_WARN__DUPLICATE_METHOD_MATCH = YES;
				"CODE_SIGN_IDENTITY[sdk=iphoneos*]" = "iPhone Developer";
				COPY_PHASE_STRIP = NO;
				DEBUG_INFORMATION_FORMAT = dwarf;
				ENABLE_STRICT_OBJC_MSGSEND = YES;
				ENABLE_TESTABILITY = YES;
				GCC_C_LANGUAGE_STANDARD = gnu99;
				GCC_DYNAMIC_NO_PIC = NO;
				GCC_NO_COMMON_BLOCKS = YES;
				GCC_OPTIMIZATION_LEVEL = 0;
				GCC_PREPROCESSOR_DEFINITIONS = (
					"DEBUG=1",
					"$(inherited)",
				);
				GCC_WARN_64_TO_32_BIT_CONVERSION = YES;
				GCC_WARN_ABOUT_RETURN_TYPE = YES_ERROR;
				GCC_WARN_UNDECLARED_SELECTOR = YES;
				GCC_WARN_UNINITIALIZED_AUTOS = YES_AGGRESSIVE;
				GCC_WARN_UNUSED_FUNCTION = YES;
				GCC_WARN_UNUSED_VARIABLE = YES;
				IPHONEOS_DEPLOYMENT_TARGET = 9.1;
				MTL_ENABLE_DEBUG_INFO = YES;
				ONLY_ACTIVE_ARCH = YES;
				SDKROOT = iphoneos;
				TARGETED_DEVICE_FAMILY = "1,2";
			};
			name = Debug;
		};
		CC9ED8AD1C2E7E7500225379 /* Release */ = {
			isa = XCBuildConfiguration;
			buildSettings = {
				ALWAYS_SEARCH_USER_PATHS = NO;
				CLANG_CXX_LANGUAGE_STANDARD = "gnu++0x";
				CLANG_CXX_LIBRARY = "libc++";
				CLANG_ENABLE_MODULES = YES;
				CLANG_ENABLE_OBJC_ARC = YES;
				CLANG_WARN_BOOL_CONVERSION = YES;
				CLANG_WARN_CONSTANT_CONVERSION = YES;
				CLANG_WARN_DIRECT_OBJC_ISA_USAGE = YES_ERROR;
				CLANG_WARN_EMPTY_BODY = YES;
				CLANG_WARN_ENUM_CONVERSION = YES;
				CLANG_WARN_INT_CONVERSION = YES;
				CLANG_WARN_OBJC_ROOT_CLASS = YES_ERROR;
				CLANG_WARN_UNREACHABLE_CODE = YES;
				CLANG_WARN__DUPLICATE_METHOD_MATCH = YES;
				"CODE_SIGN_IDENTITY[sdk=iphoneos*]" = "iPhone Developer";
				COPY_PHASE_STRIP = NO;
				DEBUG_INFORMATION_FORMAT = "dwarf-with-dsym";
				ENABLE_NS_ASSERTIONS = NO;
				ENABLE_STRICT_OBJC_MSGSEND = YES;
				GCC_C_LANGUAGE_STANDARD = gnu99;
				GCC_NO_COMMON_BLOCKS = YES;
				GCC_WARN_64_TO_32_BIT_CONVERSION = YES;
				GCC_WARN_ABOUT_RETURN_TYPE = YES_ERROR;
				GCC_WARN_UNDECLARED_SELECTOR = YES;
				GCC_WARN_UNINITIALIZED_AUTOS = YES_AGGRESSIVE;
				GCC_WARN_UNUSED_FUNCTION = YES;
				GCC_WARN_UNUSED_VARIABLE = YES;
				IPHONEOS_DEPLOYMENT_TARGET = 9.1;
				MTL_ENABLE_DEBUG_INFO = NO;
				SDKROOT = iphoneos;
				TARGETED_DEVICE_FAMILY = "1,2";
				VALIDATE_PRODUCT = YES;
			};
			name = Release;
		};
		CC9ED8AF1C2E7E7500225379 /* Debug */ = {
			isa = XCBuildConfiguration;
			buildSettings = {
				ASSETCATALOG_COMPILER_APPICON_NAME = AppIcon;
				FRAMEWORK_SEARCH_PATHS = (
					"$(inherited)",
					"$(PROJECT_DIR)/微博MQ/S4课件/20151218/cods/BaiduMap_IOSSDK_v2.9.1_Lib",
					"$(PROJECT_DIR)/微博MQ/S4课件/20151218/cods/BaiduMap_IOSSDK_v2.9.1_Sample/BaiduMapAPI",
					"$(PROJECT_DIR)/微博MQ/S4课件/20151218/cods/RunPath",
				);
				INFOPLIST_FILE = "微博MQ/Info.plist";
				LD_RUNPATH_SEARCH_PATHS = "$(inherited) @executable_path/Frameworks";
				PRODUCT_BUNDLE_IDENTIFIER = "hnqingyun.--MQ";
				PRODUCT_NAME = "$(TARGET_NAME)";
			};
			name = Debug;
		};
		CC9ED8B01C2E7E7500225379 /* Release */ = {
			isa = XCBuildConfiguration;
			buildSettings = {
				ASSETCATALOG_COMPILER_APPICON_NAME = AppIcon;
				FRAMEWORK_SEARCH_PATHS = (
					"$(inherited)",
					"$(PROJECT_DIR)/微博MQ/S4课件/20151218/cods/BaiduMap_IOSSDK_v2.9.1_Lib",
					"$(PROJECT_DIR)/微博MQ/S4课件/20151218/cods/BaiduMap_IOSSDK_v2.9.1_Sample/BaiduMapAPI",
					"$(PROJECT_DIR)/微博MQ/S4课件/20151218/cods/RunPath",
				);
				INFOPLIST_FILE = "微博MQ/Info.plist";
				LD_RUNPATH_SEARCH_PATHS = "$(inherited) @executable_path/Frameworks";
				PRODUCT_BUNDLE_IDENTIFIER = "hnqingyun.--MQ";
				PRODUCT_NAME = "$(TARGET_NAME)";
			};
			name = Release;
		};
		CC9ED8B21C2E7E7500225379 /* Debug */ = {
			isa = XCBuildConfiguration;
			buildSettings = {
				BUNDLE_LOADER = "$(TEST_HOST)";
				INFOPLIST_FILE = "微博MQTests/Info.plist";
				LD_RUNPATH_SEARCH_PATHS = "$(inherited) @executable_path/Frameworks @loader_path/Frameworks";
				PRODUCT_BUNDLE_IDENTIFIER = "hnqingyun.--MQTests";
				PRODUCT_NAME = "$(TARGET_NAME)";
				TEST_HOST = "$(BUILT_PRODUCTS_DIR)/微博MQ.app/微博MQ";
			};
			name = Debug;
		};
		CC9ED8B31C2E7E7500225379 /* Release */ = {
			isa = XCBuildConfiguration;
			buildSettings = {
				BUNDLE_LOADER = "$(TEST_HOST)";
				INFOPLIST_FILE = "微博MQTests/Info.plist";
				LD_RUNPATH_SEARCH_PATHS = "$(inherited) @executable_path/Frameworks @loader_path/Frameworks";
				PRODUCT_BUNDLE_IDENTIFIER = "hnqingyun.--MQTests";
				PRODUCT_NAME = "$(TARGET_NAME)";
				TEST_HOST = "$(BUILT_PRODUCTS_DIR)/微博MQ.app/微博MQ";
			};
			name = Release;
		};
		CC9ED8B51C2E7E7500225379 /* Debug */ = {
			isa = XCBuildConfiguration;
			buildSettings = {
				INFOPLIST_FILE = "微博MQUITests/Info.plist";
				LD_RUNPATH_SEARCH_PATHS = "$(inherited) @executable_path/Frameworks @loader_path/Frameworks";
				PRODUCT_BUNDLE_IDENTIFIER = "hnqingyun.--MQUITests";
				PRODUCT_NAME = "$(TARGET_NAME)";
				TEST_TARGET_NAME = "微博MQ";
				USES_XCTRUNNER = YES;
			};
			name = Debug;
		};
		CC9ED8B61C2E7E7500225379 /* Release */ = {
			isa = XCBuildConfiguration;
			buildSettings = {
				INFOPLIST_FILE = "微博MQUITests/Info.plist";
				LD_RUNPATH_SEARCH_PATHS = "$(inherited) @executable_path/Frameworks @loader_path/Frameworks";
				PRODUCT_BUNDLE_IDENTIFIER = "hnqingyun.--MQUITests";
				PRODUCT_NAME = "$(TARGET_NAME)";
				TEST_TARGET_NAME = "微博MQ";
				USES_XCTRUNNER = YES;
			};
			name = Release;
		};
/* End XCBuildConfiguration section */

/* Begin XCConfigurationList section */
		CC9ED87C1C2E7E7500225379 /* Build configuration list for PBXProject "微博MQ" */ = {
			isa = XCConfigurationList;
			buildConfigurations = (
				CC9ED8AC1C2E7E7500225379 /* Debug */,
				CC9ED8AD1C2E7E7500225379 /* Release */,
			);
			defaultConfigurationIsVisible = 0;
			defaultConfigurationName = Release;
		};
		CC9ED8AE1C2E7E7500225379 /* Build configuration list for PBXNativeTarget "微博MQ" */ = {
			isa = XCConfigurationList;
			buildConfigurations = (
				CC9ED8AF1C2E7E7500225379 /* Debug */,
				CC9ED8B01C2E7E7500225379 /* Release */,
			);
			defaultConfigurationIsVisible = 0;
			defaultConfigurationName = Release;
		};
		CC9ED8B11C2E7E7500225379 /* Build configuration list for PBXNativeTarget "微博MQTests" */ = {
			isa = XCConfigurationList;
			buildConfigurations = (
				CC9ED8B21C2E7E7500225379 /* Debug */,
				CC9ED8B31C2E7E7500225379 /* Release */,
			);
			defaultConfigurationIsVisible = 0;
			defaultConfigurationName = Release;
		};
		CC9ED8B41C2E7E7500225379 /* Build configuration list for PBXNativeTarget "微博MQUITests" */ = {
			isa = XCConfigurationList;
			buildConfigurations = (
				CC9ED8B51C2E7E7500225379 /* Debug */,
				CC9ED8B61C2E7E7500225379 /* Release */,
			);
			defaultConfigurationIsVisible = 0;
			defaultConfigurationName = Release;
		};
/* End XCConfigurationList section */
	};
	rootObject = CC9ED8791C2E7E7500225379 /* Project object */;
}
